
Microsoft Visual Studio Solution File, Format Version 12.00
# Visual Studio 2013
VisualStudioVersion = 12.0.31101.0
MinimumVisualStudioVersion = 10.0.40219.1
Project("{FAE04EC0-301F-11D3-BF4B-00C04F79EFBC}") = "App2", "App2\App2.csproj", "{BBE16285-7111-4561-A79E-7095CB8D3548}"
EndProject
Global
	GlobalSection(SolutionConfigurationPlatforms) = preSolution
		Debug|Any CPU = Debug|Any CPU
		Debug|ARM = Debug|ARM
		Debug|x86 = Debug|x86
		Release|Any CPU = Release|Any CPU
		Release|ARM = Release|ARM
		Release|x86 = Release|x86
	EndGlobalSection
	GlobalSection(ProjectConfigurationPlatforms) = postSolution
		{BBE16285-7111-4561-A79E-7095CB8D3548}.Debug|Any CPU.ActiveCfg = Debug|Any CPU
		{BBE16285-7111-4561-A79E-7095CB8D3548}.Debug|Any CPU.Build.0 = Debug|Any CPU
		{BBE16285-7111-4561-A79E-7095CB8D3548}.Debug|Any CPU.Deploy.0 = Debug|Any CPU
		{BBE16285-7111-4561-A79E-7095CB8D3548}.Debug|ARM.ActiveCfg = Debug|ARM
		{BBE16285-7111-4561-A79E-7095CB8D3548}.Debug|ARM.Build.0 = Debug|ARM
		{BBE16285-7111-4561-A79E-7095CB8D3548}.Debug|ARM.Deploy.0 = Debug|ARM
		{BBE16285-7111-4561-A79E-7095CB8D3548}.Debug|x86.ActiveCfg = Debug|x86
		{BBE16285-7111-4561-A79E-7095CB8D3548}.Debug|x86.Build.0 = Debug|x86
		{BBE16285-7111-4561-A79E-7095CB8D3548}.Debug|x86.Deploy.0 = Debug|x86
		{BBE16285-7111-4561-A79E-7095CB8D3548}.Release|Any CPU.ActiveCfg = Release|Any CPU
		{BBE16285-7111-4561-A79E-7095CB8D3548}.Release|Any CPU.Build.0 = Release|Any CPU
		{BBE16285-7111-4561-A79E-7095CB8D3548}.Release|Any CPU.Deploy.0 = Release|Any CPU
		{BBE16285-7111-4561-A79E-7095CB8D3548}.Release|ARM.ActiveCfg = Release|ARM
		{BBE16285-7111-4561-A79E-7095CB8D3548}.Release|ARM.Build.0 = Release|ARM
		{BBE16285-7111-4561-A79E-7095CB8D3548}.Release|ARM.Deploy.0 = Release|ARM
		{BBE16285-7111-4561-A79E-7095CB8D3548}.Release|x86.ActiveCfg = Release|x86
		{BBE16285-7111-4561-A79E-7095CB8D3548}.Release|x86.Build.0 = Release|x86
		{BBE16285-7111-4561-A79E-7095CB8D3548}.Release|x86.Deploy.0 = Release|x86
	EndGlobalSection
	GlobalSection(SolutionProperties) = preSolution
		HideSolutionNode = FALSE
	EndGlobalSection
EndGlobal
